
Microsoft Visual Studio Solution File, Format Version 12.00
# Visual Studio 15
VisualStudioVersion = 15.0.28307.757
MinimumVisualStudioVersion = 10.0.40219.1
Project("{FAE04EC0-301F-11D3-BF4B-00C04F79EFBC}") = "HK_UnityHelper", "HK_UnityHelper\HK_UnityHelper.csproj", "{D975BFA6-ABF9-4804-885C-6B18FD6AAE4C}"
EndProject
Global
	GlobalSection(SolutionConfigurationPlatforms) = preSolution
		Debug|Any CPU = Debug|Any CPU
		Release|Any CPU = Release|Any CPU
	EndGlobalSection
	GlobalSection(ProjectConfigurationPlatforms) = postSolution
		{D975BFA6-ABF9-4804-885C-6B18FD6AAE4C}.Debug|Any CPU.ActiveCfg = Debug|Any CPU
		{D975BFA6-ABF9-4804-885C-6B18FD6AAE4C}.Debug|Any CPU.Build.0 = Debug|Any CPU
		{D975BFA6-ABF9-4804-885C-6B18FD6AAE4C}.Release|Any CPU.ActiveCfg = Release|Any CPU
		{D975BFA6-ABF9-4804-885C-6B18FD6AAE4C}.Release|Any CPU.Build.0 = Release|Any CPU
	EndGlobalSection
	GlobalSection(SolutionProperties) = preSolution
		HideSolutionNode = FALSE
	EndGlobalSection
	GlobalSection(ExtensibilityGlobals) = postSolution
		SolutionGuid = {DFBD7EFD-1142-49A5-A210-8C4EA6C4E95F}
	EndGlobalSection
EndGlobal
